
Microsoft Visual Studio Solution File, Format Version 12.00
# Visual Studio Version 17
VisualStudioVersion = 17.6.33723.286
MinimumVisualStudioVersion = 10.0.40219.1
Project("{FAE04EC0-301F-11D3-BF4B-00C04F79EFBC}") = "Tickets", "Tickets\Tickets.csproj", "{9D5AC2B3-81D3-4043-B72E-4323DD8C281B}"
EndProject
Global
	GlobalSection(SolutionConfigurationPlatforms) = preSolution
		Debug|Any CPU = Debug|Any CPU
		Release|Any CPU = Release|Any CPU
	EndGlobalSection
	GlobalSection(ProjectConfigurationPlatforms) = postSolution
		{9D5AC2B3-81D3-4043-B72E-4323DD8C281B}.Debug|Any CPU.ActiveCfg = Debug|Any CPU
		{9D5AC2B3-81D3-4043-B72E-4323DD8C281B}.Debug|Any CPU.Build.0 = Debug|Any CPU
		{9D5AC2B3-81D3-4043-B72E-4323DD8C281B}.Release|Any CPU.ActiveCfg = Release|Any CPU
		{9D5AC2B3-81D3-4043-B72E-4323DD8C281B}.Release|Any CPU.Build.0 = Release|Any CPU
	EndGlobalSection
	GlobalSection(SolutionProperties) = preSolution
		HideSolutionNode = FALSE
	EndGlobalSection
	GlobalSection(ExtensibilityGlobals) = postSolution
		SolutionGuid = {7CB1501A-0719-4094-A06F-87A927387AF2}
	EndGlobalSection
EndGlobal
